// !$*UTF8*$!
{
	archiveVersion = 1;
	classes = {
	};
	objectVersion = 46;
	objects = {

/* Begin PBXBuildFile section */
		136888041F67770200A445F9 /* main.m in Sources */ = {isa = PBXBuildFile; fileRef = 136888031F67770200A445F9 /* main.m */; };
		136888071F67770200A445F9 /* AppDelegate.m in Sources */ = {isa = PBXBuildFile; fileRef = 136888061F67770200A445F9 /* AppDelegate.m */; };
		1368880A1F67770200A445F9 /* ViewController.m in Sources */ = {isa = PBXBuildFile; fileRef = 136888091F67770200A445F9 /* ViewController.m */; };
		1368880D1F67770200A445F9 /* Main.storyboard in Resources */ = {isa = PBXBuildFile; fileRef = 1368880B1F67770200A445F9 /* Main.storyboard */; };
		136888101F67770200A445F9 /* GitDemo.xcdatamodeld in Sources */ = {isa = PBXBuildFile; fileRef = 1368880E1F67770200A445F9 /* GitDemo.xcdatamodeld */; };
		136888121F67770200A445F9 /* Assets.xcassets in Resources */ = {isa = PBXBuildFile; fileRef = 136888111F67770200A445F9 /* Assets.xcassets */; };
		136888151F67770200A445F9 /* LaunchScreen.storyboard in Resources */ = {isa = PBXBuildFile; fileRef = 136888131F67770200A445F9 /* LaunchScreen.storyboard */; };
		136888201F67770200A445F9 /* GitDemoTests.m in Sources */ = {isa = PBXBuildFile; fileRef = 1368881F1F67770200A445F9 /* GitDemoTests.m */; };
		1368882B1F67770200A445F9 /* GitDemoUITests.m in Sources */ = {isa = PBXBuildFile; fileRef = 1368882A1F67770200A445F9 /* GitDemoUITests.m */; };
		136888521F67CA4400A445F9 /* FirstViewViewController.m in Sources */ = {isa = PBXBuildFile; fileRef = 136888511F67CA4400A445F9 /* FirstViewViewController.m */; };
		136888531F67CA4400A445F9 /* FirstViewViewController.m in Sources */ = {isa = PBXBuildFile; fileRef = 136888511F67CA4400A445F9 /* FirstViewViewController.m */; };
		136888541F67CA4400A445F9 /* FirstViewViewController.m in Sources */ = {isa = PBXBuildFile; fileRef = 136888511F67CA4400A445F9 /* FirstViewViewController.m */; };
		136888571F67CABB00A445F9 /* SecondViewController.m in Sources */ = {isa = PBXBuildFile; fileRef = 136888561F67CABB00A445F9 /* SecondViewController.m */; };
		136888581F67CABB00A445F9 /* SecondViewController.m in Sources */ = {isa = PBXBuildFile; fileRef = 136888561F67CABB00A445F9 /* SecondViewController.m */; };
		136888591F67CABB00A445F9 /* SecondViewController.m in Sources */ = {isa = PBXBuildFile; fileRef = 136888561F67CABB00A445F9 /* SecondViewController.m */; };
/* End PBXBuildFile section */

/* Begin PBXContainerItemProxy section */
		1368881C1F67770200A445F9 /* PBXContainerItemProxy */ = {
			isa = PBXContainerItemProxy;
			containerPortal = 136887F71F67770200A445F9 /* Project object */;
			proxyType = 1;
			remoteGlobalIDString = 136887FE1F67770200A445F9;
			remoteInfo = GitDemo;
		};
		136888271F67770200A445F9 /* PBXContainerItemProxy */ = {
			isa = PBXContainerItemProxy;
			containerPortal = 136887F71F67770200A445F9 /* Project object */;
			proxyType = 1;
			remoteGlobalIDString = 136887FE1F67770200A445F9;
			remoteInfo = GitDemo;
		};
/* End PBXContainerItemProxy section */

/* Begin PBXFileReference section */
		136887FF1F67770200A445F9 /* GitDemo.app */ = {isa = PBXFileReference; explicitFileType = wrapper.application; includeInIndex = 0; path = GitDemo.app; sourceTree = BUILT_PRODUCTS_DIR; };
		136888031F67770200A445F9 /* main.m */ = {isa = PBXFileReference; lastKnownFileType = sourcecode.c.objc; path = main.m; sourceTree = "<group>"; };
		136888051F67770200A445F9 /* AppDelegate.h */ = {isa = PBXFileReference; lastKnownFileType = sourcecode.c.h; path = AppDelegate.h; sourceTree = "<group>"; };
		136888061F67770200A445F9 /* AppDelegate.m */ = {isa = PBXFileReference; lastKnownFileType = sourcecode.c.objc; path = AppDelegate.m; sourceTree = "<group>"; };
		136888081F67770200A445F9 /* ViewController.h */ = {isa = PBXFileReference; lastKnownFileType = sourcecode.c.h; path = ViewController.h; sourceTree = "<group>"; };
		136888091F67770200A445F9 /* ViewController.m */ = {isa = PBXFileReference; lastKnownFileType = sourcecode.c.objc; path = ViewController.m; sourceTree = "<group>"; };
		1368880C1F67770200A445F9 /* Base */ = {isa = PBXFileReference; lastKnownFileType = file.storyboard; name = Base; path = Base.lproj/Main.storyboard; sourceTree = "<group>"; };
		1368880F1F67770200A445F9 /* GitDemo.xcdatamodel */ = {isa = PBXFileReference; lastKnownFileType = wrapper.xcdatamodel; path = GitDemo.xcdatamodel; sourceTree = "<group>"; };
		136888111F67770200A445F9 /* Assets.xcassets */ = {isa = PBXFileReference; lastKnownFileType = folder.assetcatalog; path = Assets.xcassets; sourceTree = "<group>"; };
		136888141F67770200A445F9 /* Base */ = {isa = PBXFileReference; lastKnownFileType = file.storyboard; name = Base; path = Base.lproj/LaunchScreen.storyboard; sourceTree = "<group>"; };
		136888161F67770200A445F9 /* Info.plist */ = {isa = PBXFileReference; lastKnownFileType = text.plist.xml; path = Info.plist; sourceTree = "<group>"; };
		1368881B1F67770200A445F9 /* GitDemoTests.xctest */ = {isa = PBXFileReference; explicitFileType = wrapper.cfbundle; includeInIndex = 0; path = GitDemoTests.xctest; sourceTree = BUILT_PRODUCTS_DIR; };
		1368881F1F67770200A445F9 /* GitDemoTests.m */ = {isa = PBXFileReference; lastKnownFileType = sourcecode.c.objc; path = GitDemoTests.m; sourceTree = "<group>"; };
		136888211F67770200A445F9 /* Info.plist */ = {isa = PBXFileReference; lastKnownFileType = text.plist.xml; path = Info.plist; sourceTree = "<group>"; };
		136888261F67770200A445F9 /* GitDemoUITests.xctest */ = {isa = PBXFileReference; explicitFileType = wrapper.cfbundle; includeInIndex = 0; path = GitDemoUITests.xctest; sourceTree = BUILT_PRODUCTS_DIR; };
		1368882A1F67770200A445F9 /* GitDemoUITests.m */ = {isa = PBXFileReference; lastKnownFileType = sourcecode.c.objc; path = GitDemoUITests.m; sourceTree = "<group>"; };
		1368882C1F67770200A445F9 /* Info.plist */ = {isa = PBXFileReference; lastKnownFileType = text.plist.xml; path = Info.plist; sourceTree = "<group>"; };
		136888501F67CA4400A445F9 /* FirstViewViewController.h */ = {isa = PBXFileReference; fileEncoding = 4; lastKnownFileType = sourcecode.c.h; path = FirstViewViewController.h; sourceTree = "<group>"; };
		136888511F67CA4400A445F9 /* FirstViewViewController.m */ = {isa = PBXFileReference; fileEncoding = 4; lastKnownFileType = sourcecode.c.objc; path = FirstViewViewController.m; sourceTree = "<group>"; };
		136888551F67CABB00A445F9 /* SecondViewController.h */ = {isa = PBXFileReference; fileEncoding = 4; lastKnownFileType = sourcecode.c.h; path = SecondViewController.h; sourceTree = "<group>"; };
		136888561F67CABB00A445F9 /* SecondViewController.m */ = {isa = PBXFileReference; fileEncoding = 4; lastKnownFileType = sourcecode.c.objc; path = SecondViewController.m; sourceTree = "<group>"; };
/* End PBXFileReference section */

/* Begin PBXFrameworksBuildPhase section */
		136887FC1F67770200A445F9 /* Frameworks */ = {
			isa = PBXFrameworksBuildPhase;
			buildActionMask = 2147483647;
			files = (
			);
			runOnlyForDeploymentPostprocessing = 0;
		};
		136888181F67770200A445F9 /* Frameworks */ = {
			isa = PBXFrameworksBuildPhase;
			buildActionMask = 2147483647;
			files = (
			);
			runOnlyForDeploymentPostprocessing = 0;
		};
		136888231F67770200A445F9 /* Frameworks */ = {
			isa = PBXFrameworksBuildPhase;
			buildActionMask = 2147483647;
			files = (
			);
			runOnlyForDeploymentPostprocessing = 0;
		};
/* End PBXFrameworksBuildPhase section */

/* Begin PBXGroup section */
		136887F61F67770200A445F9 = {
			isa = PBXGroup;
			children = (
				136888011F67770200A445F9 /* GitDemo */,
				1368881E1F67770200A445F9 /* GitDemoTests */,
				136888291F67770200A445F9 /* GitDemoUITests */,
				136888001F67770200A445F9 /* Products */,
			);
			sourceTree = "<group>";
		};
		136888001F67770200A445F9 /* Products */ = {
			isa = PBXGroup;
			children = (
				136887FF1F67770200A445F9 /* GitDemo.app */,
				1368881B1F67770200A445F9 /* GitDemoTests.xctest */,
				136888261F67770200A445F9 /* GitDemoUITests.xctest */,
			);
			name = Products;
			sourceTree = "<group>";
		};
		136888011F67770200A445F9 /* GitDemo */ = {
			isa = PBXGroup;
			children = (
				136888051F67770200A445F9 /* AppDelegate.h */,
				136888061F67770200A445F9 /* AppDelegate.m */,
				136888081F67770200A445F9 /* ViewController.h */,
				136888091F67770200A445F9 /* ViewController.m */,
				136888501F67CA4400A445F9 /* FirstViewViewController.h */,
				136888511F67CA4400A445F9 /* FirstViewViewController.m */,
				136888551F67CABB00A445F9 /* SecondViewController.h */,
				136888561F67CABB00A445F9 /* SecondViewController.m */,
				1368880B1F67770200A445F9 /* Main.storyboard */,
				136888111F67770200A445F9 /* Assets.xcassets */,
				136888131F67770200A445F9 /* LaunchScreen.storyboard */,
				136888161F67770200A445F9 /* Info.plist */,
				1368880E1F67770200A445F9 /* GitDemo.xcdatamodeld */,
				136888021F67770200A445F9 /* Supporting Files */,
			);
			path = GitDemo;
			sourceTree = "<group>";
		};
		136888021F67770200A445F9 /* Supporting Files */ = {
			isa = PBXGroup;
			children = (
				136888031F67770200A445F9 /* main.m */,
			);
			name = "Supporting Files";
			sourceTree = "<group>";
		};
		1368881E1F67770200A445F9 /* GitDemoTests */ = {
			isa = PBXGroup;
			children = (
				1368881F1F67770200A445F9 /* GitDemoTests.m */,
				136888211F67770200A445F9 /* Info.plist */,
			);
			path = GitDemoTests;
			sourceTree = "<group>";
		};
		136888291F67770200A445F9 /* GitDemoUITests */ = {
			isa = PBXGroup;
			children = (
				1368882A1F67770200A445F9 /* GitDemoUITests.m */,
				1368882C1F67770200A445F9 /* Info.plist */,
			);
			path = GitDemoUITests;
			sourceTree = "<group>";
		};
/* End PBXGroup section */

/* Begin PBXNativeTarget section */
		136887FE1F67770200A445F9 /* GitDemo */ = {
			isa = PBXNativeTarget;
			buildConfigurationList = 1368882F1F67770200A445F9 /* Build configuration list for PBXNativeTarget "GitDemo" */;
			buildPhases = (
				136887FB1F67770200A445F9 /* Sources */,
				136887FC1F67770200A445F9 /* Frameworks */,
				136887FD1F67770200A445F9 /* Resources */,
			);
			buildRules = (
			);
			dependencies = (
			);
			name = GitDemo;
			productName = GitDemo;
			productReference = 136887FF1F67770200A445F9 /* GitDemo.app */;
			productType = "com.apple.product-type.application";
		};
		1368881A1F67770200A445F9 /* GitDemoTests */ = {
			isa = PBXNativeTarget;
			buildConfigurationList = 136888321F67770200A445F9 /* Build configuration list for PBXNativeTarget "GitDemoTests" */;
			buildPhases = (
				136888171F67770200A445F9 /* Sources */,
				136888181F67770200A445F9 /* Frameworks */,
				136888191F67770200A445F9 /* Resources */,
			);
			buildRules = (
			);
			dependencies = (
				1368881D1F67770200A445F9 /* PBXTargetDependency */,
			);
			name = GitDemoTests;
			productName = GitDemoTests;
			productReference = 1368881B1F67770200A445F9 /* GitDemoTests.xctest */;
			productType = "com.apple.product-type.bundle.unit-test";
		};
		136888251F67770200A445F9 /* GitDemoUITests */ = {
			isa = PBXNativeTarget;
			buildConfigurationList = 136888351F67770200A445F9 /* Build configuration list for PBXNativeTarget "GitDemoUITests" */;
			buildPhases = (
				136888221F67770200A445F9 /* Sources */,
				136888231F67770200A445F9 /* Frameworks */,
				136888241F67770200A445F9 /* Resources */,
			);
			buildRules = (
			);
			dependencies = (
				136888281F67770200A445F9 /* PBXTargetDependency */,
			);
			name = GitDemoUITests;
			productName = GitDemoUITests;
			productReference = 136888261F67770200A445F9 /* GitDemoUITests.xctest */;
			productType = "com.apple.product-type.bundle.ui-testing";
		};
/* End PBXNativeTarget section */

/* Begin PBXProject section */
		136887F71F67770200A445F9 /* Project object */ = {
			isa = PBXProject;
			attributes = {
				LastUpgradeCheck = 0830;
				ORGANIZATIONNAME = "彭双塔";
				TargetAttributes = {
					136887FE1F67770200A445F9 = {
						CreatedOnToolsVersion = 8.3.2;
						ProvisioningStyle = Automatic;
					};
					1368881A1F67770200A445F9 = {
						CreatedOnToolsVersion = 8.3.2;
						ProvisioningStyle = Automatic;
						TestTargetID = 136887FE1F67770200A445F9;
					};
					136888251F67770200A445F9 = {
						CreatedOnToolsVersion = 8.3.2;
						ProvisioningStyle = Automatic;
						TestTargetID = 136887FE1F67770200A445F9;
					};
				};
			};
			buildConfigurationList = 136887FA1F67770200A445F9 /* Build configuration list for PBXProject "GitDemo" */;
			compatibilityVersion = "Xcode 3.2";
			developmentRegion = English;
			hasScannedForEncodings = 0;
			knownRegions = (
				en,
				Base,
			);
			mainGroup = 136887F61F67770200A445F9;
			productRefGroup = 136888001F67770200A445F9 /* Products */;
			projectDirPath = "";
			projectRoot = "";
			targets = (
				136887FE1F67770200A445F9 /* GitDemo */,
				1368881A1F67770200A445F9 /* GitDemoTests */,
				136888251F67770200A445F9 /* GitDemoUITests */,
			);
		};
/* End PBXProject section */

/* Begin PBXResourcesBuildPhase section */
		136887FD1F67770200A445F9 /* Resources */ = {
			isa = PBXResourcesBuildPhase;
			buildActionMask = 2147483647;
			files = (
				136888151F67770200A445F9 /* LaunchScreen.storyboard in Resources */,
				136888121F67770200A445F9 /* Assets.xcassets in Resources */,
				1368880D1F67770200A445F9 /* Main.storyboard in Resources */,
			);
			runOnlyForDeploymentPostprocessing = 0;
		};
		136888191F67770200A445F9 /* Resources */ = {
			isa = PBXResourcesBuildPhase;
			buildActionMask = 2147483647;
			files = (
			);
			runOnlyForDeploymentPostprocessing = 0;
		};
		136888241F67770200A445F9 /* Resources */ = {
			isa = PBXResourcesBuildPhase;
			buildActionMask = 2147483647;
			files = (
			);
			runOnlyForDeploymentPostprocessing = 0;
		};
/* End PBXResourcesBuildPhase section */

/* Begin PBXSourcesBuildPhase section */
		136887FB1F67770200A445F9 /* Sources */ = {
			isa = PBXSourcesBuildPhase;
			buildActionMask = 2147483647;
			files = (
				136888571F67CABB00A445F9 /* SecondViewController.m in Sources */,
				1368880A1F67770200A445F9 /* ViewController.m in Sources */,
				136888101F67770200A445F9 /* GitDemo.xcdatamodeld in Sources */,
				136888071F67770200A445F9 /* AppDelegate.m in Sources */,
				136888521F67CA4400A445F9 /* FirstViewViewController.m in Sources */,
				136888041F67770200A445F9 /* main.m in Sources */,
			);
			runOnlyForDeploymentPostprocessing = 0;
		};
		136888171F67770200A445F9 /* Sources */ = {
			isa = PBXSourcesBuildPhase;
			buildActionMask = 2147483647;
			files = (
				136888581F67CABB00A445F9 /* SecondViewController.m in Sources */,
				136888531F67CA4400A445F9 /* FirstViewViewController.m in Sources */,
				136888201F67770200A445F9 /* GitDemoTests.m in Sources */,
			);
			runOnlyForDeploymentPostprocessing = 0;
		};
		136888221F67770200A445F9 /* Sources */ = {
			isa = PBXSourcesBuildPhase;
			buildActionMask = 2147483647;
			files = (
				136888591F67CABB00A445F9 /* SecondViewController.m in Sources */,
				136888541F67CA4400A445F9 /* FirstViewViewController.m in Sources */,
				1368882B1F67770200A445F9 /* GitDemoUITests.m in Sources */,
			);
			runOnlyForDeploymentPostprocessing = 0;
		};
/* End PBXSourcesBuildPhase section */

/* Begin PBXTargetDependency section */
		1368881D1F67770200A445F9 /* PBXTargetDependency */ = {
			isa = PBXTargetDependency;
			target = 136887FE1F67770200A445F9 /* GitDemo */;
			targetProxy = 1368881C1F67770200A445F9 /* PBXContainerItemProxy */;
		};
		136888281F67770200A445F9 /* PBXTargetDependency */ = {
			isa = PBXTargetDependency;
			target = 136887FE1F67770200A445F9 /* GitDemo */;
			targetProxy = 136888271F67770200A445F9 /* PBXContainerItemProxy */;
		};
/* End PBXTargetDependency section */

/* Begin PBXVariantGroup section */
		1368880B1F67770200A445F9 /* Main.storyboard */ = {
			isa = PBXVariantGroup;
			children = (
				1368880C1F67770200A445F9 /* Base */,
			);
			name = Main.storyboard;
			sourceTree = "<group>";
		};
		136888131F67770200A445F9 /* LaunchScreen.storyboard */ = {
			isa = PBXVariantGroup;
			children = (
				136888141F67770200A445F9 /* Base */,
			);
			name = LaunchScreen.storyboard;
			sourceTree = "<group>";
		};
/* End PBXVariantGroup section */

/* Begin XCBuildConfiguration section */
		1368882D1F67770200A445F9 /* Debug */ = {
			isa = XCBuildConfiguration;
			buildSettings = {
				ALWAYS_SEARCH_USER_PATHS = NO;
				CLANG_ANALYZER_NONNULL = YES;
				CLANG_ANALYZER_NUMBER_OBJECT_CONVERSION = YES_AGGRESSIVE;
				CLANG_CXX_LANGUAGE_STANDARD = "gnu++0x";
				CLANG_CXX_LIBRARY = "libc++";
				CLANG_ENABLE_MODULES = YES;
				CLANG_ENABLE_OBJC_ARC = YES;
				CLANG_WARN_BOOL_CONVERSION = YES;
				CLANG_WARN_CONSTANT_CONVERSION = YES;
				CLANG_WARN_DIRECT_OBJC_ISA_USAGE = YES_ERROR;
				CLANG_WARN_DOCUMENTATION_COMMENTS = YES;
				CLANG_WARN_EMPTY_BODY = YES;
				CLANG_WARN_ENUM_CONVERSION = YES;
				CLANG_WARN_INFINITE_RECURSION = YES;
				CLANG_WARN_INT_CONVERSION = YES;
				CLANG_WARN_OBJC_ROOT_CLASS = YES_ERROR;
				CLANG_WARN_SUSPICIOUS_MOVE = YES;
				CLANG_WARN_UNREACHABLE_CODE = YES;
				CLANG_WARN__DUPLICATE_METHOD_MATCH = YES;
				"CODE_SIGN_IDENTITY[sdk=iphoneos*]" = "iPhone Developer";
				COPY_PHASE_STRIP = NO;
				DEBUG_INFORMATION_FORMAT = dwarf;
				ENABLE_STRICT_OBJC_MSGSEND = YES;
				ENABLE_TESTABILITY = YES;
				GCC_C_LANGUAGE_STANDARD = gnu99;
				GCC_DYNAMIC_NO_PIC = NO;
				GCC_NO_COMMON_BLOCKS = YES;
				GCC_OPTIMIZATION_LEVEL = 0;
				GCC_PREPROCESSOR_DEFINITIONS = (
					"DEBUG=1",
					"$(inherited)",
				);
				GCC_WARN_64_TO_32_BIT_CONVERSION = YES;
				GCC_WARN_ABOUT_RETURN_TYPE = YES_ERROR;
				GCC_WARN_UNDECLARED_SELECTOR = YES;
				GCC_WARN_UNINITIALIZED_AUTOS = YES_AGGRESSIVE;
				GCC_WARN_UNUSED_FUNCTION = YES;
				GCC_WARN_UNUSED_VARIABLE = YES;
				IPHONEOS_DEPLOYMENT_TARGET = 10.3;
				MTL_ENABLE_DEBUG_INFO = YES;
				ONLY_ACTIVE_ARCH = YES;
				SDKROOT = iphoneos;
			};
			name = Debug;
		};
		1368882E1F67770200A445F9 /* Release */ = {
			isa = XCBuildConfiguration;
			buildSettings = {
				ALWAYS_SEARCH_USER_PATHS = NO;
				CLANG_ANALYZER_NONNULL = YES;
				CLANG_ANALYZER_NUMBER_OBJECT_CONVERSION = YES_AGGRESSIVE;
				CLANG_CXX_LANGUAGE_STANDARD = "gnu++0x";
				CLANG_CXX_LIBRARY = "libc++";
				CLANG_ENABLE_MODULES = YES;
				CLANG_ENABLE_OBJC_ARC = YES;
				CLANG_WARN_BOOL_CONVERSION = YES;
				CLANG_WARN_CONSTANT_CONVERSION = YES;
				CLANG_WARN_DIRECT_OBJC_ISA_USAGE = YES_ERROR;
				CLANG_WARN_DOCUMENTATION_COMMENTS = YES;
				CLANG_WARN_EMPTY_BODY = YES;
				CLANG_WARN_ENUM_CONVERSION = YES;
				CLANG_WARN_INFINITE_RECURSION = YES;
				CLANG_WARN_INT_CONVERSION = YES;
				CLANG_WARN_OBJC_ROOT_CLASS = YES_ERROR;
				CLANG_WARN_SUSPICIOUS_MOVE = YES;
				CLANG_WARN_UNREACHABLE_CODE = YES;
				CLANG_WARN__DUPLICATE_METHOD_MATCH = YES;
				"CODE_SIGN_IDENTITY[sdk=iphoneos*]" = "iPhone Developer";
				COPY_PHASE_STRIP = NO;
				DEBUG_INFORMATION_FORMAT = "dwarf-with-dsym";
				ENABLE_NS_ASSERTIONS = NO;
				ENABLE_STRICT_OBJC_MSGSEND = YES;
				GCC_C_LANGUAGE_STANDARD = gnu99;
				GCC_NO_COMMON_BLOCKS = YES;
				GCC_WARN_64_TO_32_BIT_CONVERSION = YES;
				GCC_WARN_ABOUT_RETURN_TYPE = YES_ERROR;
				GCC_WARN_UNDECLARED_SELECTOR = YES;
				GCC_WARN_UNINITIALIZED_AUTOS = YES_AGGRESSIVE;
				GCC_WARN_UNUSED_FUNCTION = YES;
				GCC_WARN_UNUSED_VARIABLE = YES;
				IPHONEOS_DEPLOYMENT_TARGET = 10.3;
				MTL_ENABLE_DEBUG_INFO = NO;
				SDKROOT = iphoneos;
				VALIDATE_PRODUCT = YES;
			};
			name = Release;
		};
		136888301F67770200A445F9 /* Debug */ = {
			isa = XCBuildConfiguration;
			buildSettings = {
				ASSETCATALOG_COMPILER_APPICON_NAME = AppIcon;
				INFOPLIST_FILE = GitDemo/Info.plist;
				LD_RUNPATH_SEARCH_PATHS = "$(inherited) @executable_path/Frameworks";
				PRODUCT_BUNDLE_IDENTIFIER = pst.GitDemo;
				PRODUCT_NAME = "$(TARGET_NAME)";
			};
			name = Debug;
		};
		136888311F67770200A445F9 /* Release */ = {
			isa = XCBuildConfiguration;
			buildSettings = {
				ASSETCATALOG_COMPILER_APPICON_NAME = AppIcon;
				INFOPLIST_FILE = GitDemo/Info.plist;
				LD_RUNPATH_SEARCH_PATHS = "$(inherited) @executable_path/Frameworks";
				PRODUCT_BUNDLE_IDENTIFIER = pst.GitDemo;
				PRODUCT_NAME = "$(TARGET_NAME)";
			};
			name = Release;
		};
		136888331F67770200A445F9 /* Debug */ = {
			isa = XCBuildConfiguration;
			buildSettings = {
				BUNDLE_LOADER = "$(TEST_HOST)";
				INFOPLIST_FILE = GitDemoTests/Info.plist;
				LD_RUNPATH_SEARCH_PATHS = "$(inherited) @executable_path/Frameworks @loader_path/Frameworks";
				PRODUCT_BUNDLE_IDENTIFIER = pst.GitDemoTests;
				PRODUCT_NAME = "$(TARGET_NAME)";
				TEST_HOST = "$(BUILT_PRODUCTS_DIR)/GitDemo.app/GitDemo";
			};
			name = Debug;
		};
		136888341F67770200A445F9 /* Release */ = {
			isa = XCBuildConfiguration;
			buildSettings = {
				BUNDLE_LOADER = "$(TEST_HOST)";
				INFOPLIST_FILE = GitDemoTests/Info.plist;
				LD_RUNPATH_SEARCH_PATHS = "$(inherited) @executable_path/Frameworks @loader_path/Frameworks";
				PRODUCT_BUNDLE_IDENTIFIER = pst.GitDemoTests;
				PRODUCT_NAME = "$(TARGET_NAME)";
				TEST_HOST = "$(BUILT_PRODUCTS_DIR)/GitDemo.app/GitDemo";
			};
			name = Release;
		};
		136888361F67770200A445F9 /* Debug */ = {
			isa = XCBuildConfiguration;
			buildSettings = {
				INFOPLIST_FILE = GitDemoUITests/Info.plist;
				LD_RUNPATH_SEARCH_PATHS = "$(inherited) @executable_path/Frameworks @loader_path/Frameworks";
				PRODUCT_BUNDLE_IDENTIFIER = pst.GitDemoUITests;
				PRODUCT_NAME = "$(TARGET_NAME)";
				TEST_TARGET_NAME = GitDemo;
			};
			name = Debug;
		};
		136888371F67770200A445F9 /* Release */ = {
			isa = XCBuildConfiguration;
			buildSettings = {
				INFOPLIST_FILE = GitDemoUITests/Info.plist;
				LD_RUNPATH_SEARCH_PATHS = "$(inherited) @executable_path/Frameworks @loader_path/Frameworks";
				PRODUCT_BUNDLE_IDENTIFIER = pst.GitDemoUITests;
				PRODUCT_NAME = "$(TARGET_NAME)";
				TEST_TARGET_NAME = GitDemo;
			};
			name = Release;
		};
/* End XCBuildConfiguration section */

/* Begin XCConfigurationList section */
		136887FA1F67770200A445F9 /* Build configuration list for PBXProject "GitDemo" */ = {
			isa = XCConfigurationList;
			buildConfigurations = (
				1368882D1F67770200A445F9 /* Debug */,
				1368882E1F67770200A445F9 /* Release */,
			);
			defaultConfigurationIsVisible = 0;
			defaultConfigurationName = Release;
		};
		1368882F1F67770200A445F9 /* Build configuration list for PBXNativeTarget "GitDemo" */ = {
			isa = XCConfigurationList;
			buildConfigurations = (
				136888301F67770200A445F9 /* Debug */,
				136888311F67770200A445F9 /* Release */,
			);
			defaultConfigurationIsVisible = 0;
			defaultConfigurationName = Release;
		};
		136888321F67770200A445F9 /* Build configuration list for PBXNativeTarget "GitDemoTests" */ = {
			isa = XCConfigurationList;
			buildConfigurations = (
				136888331F67770200A445F9 /* Debug */,
				136888341F67770200A445F9 /* Release */,
			);
			defaultConfigurationIsVisible = 0;
			defaultConfigurationName = Release;
		};
		136888351F67770200A445F9 /* Build configuration list for PBXNativeTarget "GitDemoUITests" */ = {
			isa = XCConfigurationList;
			buildConfigurations = (
				136888361F67770200A445F9 /* Debug */,
				136888371F67770200A445F9 /* Release */,
			);
			defaultConfigurationIsVisible = 0;
			defaultConfigurationName = Release;
		};
/* End XCConfigurationList section */

/* Begin XCVersionGroup section */
		1368880E1F67770200A445F9 /* GitDemo.xcdatamodeld */ = {
			isa = XCVersionGroup;
			children = (
				1368880F1F67770200A445F9 /* GitDemo.xcdatamodel */,
			);
			currentVersion = 1368880F1F67770200A445F9 /* GitDemo.xcdatamodel */;
			path = GitDemo.xcdatamodeld;
			sourceTree = "<group>";
			versionGroupType = wrapper.xcdatamodel;
		};
/* End XCVersionGroup section */
	};
	rootObject = 136887F71F67770200A445F9 /* Project object */;
}
